
Microsoft Visual Studio Solution File, Format Version 11.00
# Visual Studio 2010
Project("{FAE04EC0-301F-11D3-BF4B-00C04F79EFBC}") = "Assembly-CSharp", "Assembly-CSharp.csproj", "{11d92053-52ea-7038-7cee-da7947ff5151}"
EndProject
Project("{FAE04EC0-301F-11D3-BF4B-00C04F79EFBC}") = "XNode", "XNode.csproj", "{7186ba43-be37-34fd-2e7b-14c756d3c453}"
EndProject
Project("{FAE04EC0-301F-11D3-BF4B-00C04F79EFBC}") = "Assembly-CSharp-Editor", "Assembly-CSharp-Editor.csproj", "{ee29f501-d911-b9b1-9323-23f72f75ef4d}"
EndProject
Project("{FAE04EC0-301F-11D3-BF4B-00C04F79EFBC}") = "XNodeEditor", "XNodeEditor.csproj", "{a28466e0-a410-cff1-34bc-9f637f17056e}"
EndProject
Global
	GlobalSection(SolutionConfigurationPlatforms) = preSolution
		Debug|Any CPU = Debug|Any CPU
		Release|Any CPU = Release|Any CPU
	EndGlobalSection
	GlobalSection(ProjectConfigurationPlatforms) = postSolution
		{11d92053-52ea-7038-7cee-da7947ff5151}.Debug|Any CPU.ActiveCfg = Debug|Any CPU
		{11d92053-52ea-7038-7cee-da7947ff5151}.Debug|Any CPU.Build.0 = Debug|Any CPU
		{11d92053-52ea-7038-7cee-da7947ff5151}.Release|Any CPU.ActiveCfg = Release|Any CPU
		{11d92053-52ea-7038-7cee-da7947ff5151}.Release|Any CPU.Build.0 = Release|Any CPU
		{7186ba43-be37-34fd-2e7b-14c756d3c453}.Debug|Any CPU.ActiveCfg = Debug|Any CPU
		{7186ba43-be37-34fd-2e7b-14c756d3c453}.Debug|Any CPU.Build.0 = Debug|Any CPU
		{7186ba43-be37-34fd-2e7b-14c756d3c453}.Release|Any CPU.ActiveCfg = Release|Any CPU
		{7186ba43-be37-34fd-2e7b-14c756d3c453}.Release|Any CPU.Build.0 = Release|Any CPU
		{ee29f501-d911-b9b1-9323-23f72f75ef4d}.Debug|Any CPU.ActiveCfg = Debug|Any CPU
		{ee29f501-d911-b9b1-9323-23f72f75ef4d}.Debug|Any CPU.Build.0 = Debug|Any CPU
		{ee29f501-d911-b9b1-9323-23f72f75ef4d}.Release|Any CPU.ActiveCfg = Release|Any CPU
		{ee29f501-d911-b9b1-9323-23f72f75ef4d}.Release|Any CPU.Build.0 = Release|Any CPU
		{a28466e0-a410-cff1-34bc-9f637f17056e}.Debug|Any CPU.ActiveCfg = Debug|Any CPU
		{a28466e0-a410-cff1-34bc-9f637f17056e}.Debug|Any CPU.Build.0 = Debug|Any CPU
		{a28466e0-a410-cff1-34bc-9f637f17056e}.Release|Any CPU.ActiveCfg = Release|Any CPU
		{a28466e0-a410-cff1-34bc-9f637f17056e}.Release|Any CPU.Build.0 = Release|Any CPU
	EndGlobalSection
	GlobalSection(SolutionProperties) = preSolution
		HideSolutionNode = FALSE
	EndGlobalSection
EndGlobal
